
Microsoft Visual Studio Solution File, Format Version 12.00
# Visual Studio Version 16
VisualStudioVersion = 16.0.31702.278
MinimumVisualStudioVersion = 10.0.40219.1
Project("{FAE04EC0-301F-11D3-BF4B-00C04F79EFBC}") = "WFP", "WFP\WFP.csproj", "{4AC81379-F6E1-4968-8B36-90E8A6586FCD}"
EndProject
Global
	GlobalSection(SolutionConfigurationPlatforms) = preSolution
		Debug|ARM = Debug|ARM
		Debug|ARM64 = Debug|ARM64
		Debug|x64 = Debug|x64
		Debug|x86 = Debug|x86
		Release|ARM = Release|ARM
		Release|ARM64 = Release|ARM64
		Release|x64 = Release|x64
		Release|x86 = Release|x86
	EndGlobalSection
	GlobalSection(ProjectConfigurationPlatforms) = postSolution
		{4AC81379-F6E1-4968-8B36-90E8A6586FCD}.Debug|ARM.ActiveCfg = Debug|ARM
		{4AC81379-F6E1-4968-8B36-90E8A6586FCD}.Debug|ARM.Build.0 = Debug|ARM
		{4AC81379-F6E1-4968-8B36-90E8A6586FCD}.Debug|ARM.Deploy.0 = Debug|ARM
		{4AC81379-F6E1-4968-8B36-90E8A6586FCD}.Debug|ARM64.ActiveCfg = Debug|ARM64
		{4AC81379-F6E1-4968-8B36-90E8A6586FCD}.Debug|ARM64.Build.0 = Debug|ARM64
		{4AC81379-F6E1-4968-8B36-90E8A6586FCD}.Debug|ARM64.Deploy.0 = Debug|ARM64
		{4AC81379-F6E1-4968-8B36-90E8A6586FCD}.Debug|x64.ActiveCfg = Debug|x64
		{4AC81379-F6E1-4968-8B36-90E8A6586FCD}.Debug|x64.Build.0 = Debug|x64
		{4AC81379-F6E1-4968-8B36-90E8A6586FCD}.Debug|x64.Deploy.0 = Debug|x64
		{4AC81379-F6E1-4968-8B36-90E8A6586FCD}.Debug|x86.ActiveCfg = Debug|x86
		{4AC81379-F6E1-4968-8B36-90E8A6586FCD}.Debug|x86.Build.0 = Debug|x86
		{4AC81379-F6E1-4968-8B36-90E8A6586FCD}.Debug|x86.Deploy.0 = Debug|x86
		{4AC81379-F6E1-4968-8B36-90E8A6586FCD}.Release|ARM.ActiveCfg = Release|ARM
		{4AC81379-F6E1-4968-8B36-90E8A6586FCD}.Release|ARM.Build.0 = Release|ARM
		{4AC81379-F6E1-4968-8B36-90E8A6586FCD}.Release|ARM.Deploy.0 = Release|ARM
		{4AC81379-F6E1-4968-8B36-90E8A6586FCD}.Release|ARM64.ActiveCfg = Release|ARM64
		{4AC81379-F6E1-4968-8B36-90E8A6586FCD}.Release|ARM64.Build.0 = Release|ARM64
		{4AC81379-F6E1-4968-8B36-90E8A6586FCD}.Release|ARM64.Deploy.0 = Release|ARM64
		{4AC81379-F6E1-4968-8B36-90E8A6586FCD}.Release|x64.ActiveCfg = Release|x64
		{4AC81379-F6E1-4968-8B36-90E8A6586FCD}.Release|x64.Build.0 = Release|x64
		{4AC81379-F6E1-4968-8B36-90E8A6586FCD}.Release|x64.Deploy.0 = Release|x64
		{4AC81379-F6E1-4968-8B36-90E8A6586FCD}.Release|x86.ActiveCfg = Release|x86
		{4AC81379-F6E1-4968-8B36-90E8A6586FCD}.Release|x86.Build.0 = Release|x86
		{4AC81379-F6E1-4968-8B36-90E8A6586FCD}.Release|x86.Deploy.0 = Release|x86
	EndGlobalSection
	GlobalSection(SolutionProperties) = preSolution
		HideSolutionNode = FALSE
	EndGlobalSection
	GlobalSection(ExtensibilityGlobals) = postSolution
		SolutionGuid = {3AFCAC0D-FE4E-49A3-94F2-3598222C4DA2}
	EndGlobalSection
EndGlobal
